// !$*UTF8*$!
{
	archiveVersion = 1;
	classes = {
	};
	objectVersion = 46;
	objects = {

/* Begin PBXBuildFile section */
		4ACB5C7318C80CFA000733C6 /* Foundation.framework in Frameworks */ = {isa = PBXBuildFile; fileRef = 4ACB5C7218C80CFA000733C6 /* Foundation.framework */; };
		4ACB5C7518C80CFA000733C6 /* CoreGraphics.framework in Frameworks */ = {isa = PBXBuildFile; fileRef = 4ACB5C7418C80CFA000733C6 /* CoreGraphics.framework */; };
		4ACB5C7718C80CFA000733C6 /* UIKit.framework in Frameworks */ = {isa = PBXBuildFile; fileRef = 4ACB5C7618C80CFA000733C6 /* UIKit.framework */; };
		4ACB5C7D18C80CFB000733C6 /* InfoPlist.strings in Resources */ = {isa = PBXBuildFile; fileRef = 4ACB5C7B18C80CFB000733C6 /* InfoPlist.strings */; };
		4ACB5C7F18C80CFB000733C6 /* main.m in Sources */ = {isa = PBXBuildFile; fileRef = 4ACB5C7E18C80CFB000733C6 /* main.m */; };
		4ACB5C8318C80CFB000733C6 /* AppDelegate.m in Sources */ = {isa = PBXBuildFile; fileRef = 4ACB5C8218C80CFB000733C6 /* AppDelegate.m */; };
		4ACB5C8618C80CFB000733C6 /* Main.storyboard in Resources */ = {isa = PBXBuildFile; fileRef = 4ACB5C8418C80CFB000733C6 /* Main.storyboard */; };
		4ACB5C8918C80CFB000733C6 /* ViewController.m in Sources */ = {isa = PBXBuildFile; fileRef = 4ACB5C8818C80CFB000733C6 /* ViewController.m */; };
		4ACB5C8B18C80CFB000733C6 /* Images.xcassets in Resources */ = {isa = PBXBuildFile; fileRef = 4ACB5C8A18C80CFB000733C6 /* Images.xcassets */; };
		4ACB5C9218C80CFD000733C6 /* XCTest.framework in Frameworks */ = {isa = PBXBuildFile; fileRef = 4ACB5C9118C80CFD000733C6 /* XCTest.framework */; };
		4ACB5C9318C80CFD000733C6 /* Foundation.framework in Frameworks */ = {isa = PBXBuildFile; fileRef = 4ACB5C7218C80CFA000733C6 /* Foundation.framework */; };
		4ACB5C9418C80CFD000733C6 /* UIKit.framework in Frameworks */ = {isa = PBXBuildFile; fileRef = 4ACB5C7618C80CFA000733C6 /* UIKit.framework */; };
		4ACB5C9C18C80CFD000733C6 /* InfoPlist.strings in Resources */ = {isa = PBXBuildFile; fileRef = 4ACB5C9A18C80CFD000733C6 /* InfoPlist.strings */; };
		4ACB5C9E18C80CFD000733C6 /* Grades_UnlimitedTests.m in Sources */ = {isa = PBXBuildFile; fileRef = 4ACB5C9D18C80CFD000733C6 /* Grades_UnlimitedTests.m */; };
		7956F16518C8D23F00494FC4 /* HomeViewController.m in Sources */ = {isa = PBXBuildFile; fileRef = 7956F16418C8D23F00494FC4 /* HomeViewController.m */; };
		7956F16718CA79D800494FC4 /* CellCustomHome.xib in Resources */ = {isa = PBXBuildFile; fileRef = 7956F16618CA79D800494FC4 /* CellCustomHome.xib */; };
		7956F16A18CAD26600494FC4 /* CellCustomHome.m in Sources */ = {isa = PBXBuildFile; fileRef = 7956F16918CAD26600494FC4 /* CellCustomHome.m */; };
/* End PBXBuildFile section */

/* Begin PBXContainerItemProxy section */
		4ACB5C9518C80CFD000733C6 /* PBXContainerItemProxy */ = {
			isa = PBXContainerItemProxy;
			containerPortal = 4ACB5C6718C80CFA000733C6 /* Project object */;
			proxyType = 1;
			remoteGlobalIDString = 4ACB5C6E18C80CFA000733C6;
			remoteInfo = "Grades Unlimited";
		};
/* End PBXContainerItemProxy section */

/* Begin PBXFileReference section */
		4ACB5C6F18C80CFA000733C6 /* Grades Unlimited.app */ = {isa = PBXFileReference; explicitFileType = wrapper.application; includeInIndex = 0; path = "Grades Unlimited.app"; sourceTree = BUILT_PRODUCTS_DIR; };
		4ACB5C7218C80CFA000733C6 /* Foundation.framework */ = {isa = PBXFileReference; lastKnownFileType = wrapper.framework; name = Foundation.framework; path = System/Library/Frameworks/Foundation.framework; sourceTree = SDKROOT; };
		4ACB5C7418C80CFA000733C6 /* CoreGraphics.framework */ = {isa = PBXFileReference; lastKnownFileType = wrapper.framework; name = CoreGraphics.framework; path = System/Library/Frameworks/CoreGraphics.framework; sourceTree = SDKROOT; };
		4ACB5C7618C80CFA000733C6 /* UIKit.framework */ = {isa = PBXFileReference; lastKnownFileType = wrapper.framework; name = UIKit.framework; path = System/Library/Frameworks/UIKit.framework; sourceTree = SDKROOT; };
		4ACB5C7A18C80CFB000733C6 /* Grades Unlimited-Info.plist */ = {isa = PBXFileReference; lastKnownFileType = text.plist.xml; path = "Grades Unlimited-Info.plist"; sourceTree = "<group>"; };
		4ACB5C7C18C80CFB000733C6 /* en */ = {isa = PBXFileReference; lastKnownFileType = text.plist.strings; name = en; path = en.lproj/InfoPlist.strings; sourceTree = "<group>"; };
		4ACB5C7E18C80CFB000733C6 /* main.m */ = {isa = PBXFileReference; lastKnownFileType = sourcecode.c.objc; path = main.m; sourceTree = "<group>"; };
		4ACB5C8018C80CFB000733C6 /* Grades Unlimited-Prefix.pch */ = {isa = PBXFileReference; lastKnownFileType = sourcecode.c.h; path = "Grades Unlimited-Prefix.pch"; sourceTree = "<group>"; };
		4ACB5C8118C80CFB000733C6 /* AppDelegate.h */ = {isa = PBXFileReference; lastKnownFileType = sourcecode.c.h; path = AppDelegate.h; sourceTree = "<group>"; };
		4ACB5C8218C80CFB000733C6 /* AppDelegate.m */ = {isa = PBXFileReference; lastKnownFileType = sourcecode.c.objc; path = AppDelegate.m; sourceTree = "<group>"; };
		4ACB5C8518C80CFB000733C6 /* Base */ = {isa = PBXFileReference; lastKnownFileType = file.storyboard; name = Base; path = Base.lproj/Main.storyboard; sourceTree = "<group>"; };
		4ACB5C8718C80CFB000733C6 /* ViewController.h */ = {isa = PBXFileReference; lastKnownFileType = sourcecode.c.h; path = ViewController.h; sourceTree = "<group>"; };
		4ACB5C8818C80CFB000733C6 /* ViewController.m */ = {isa = PBXFileReference; lastKnownFileType = sourcecode.c.objc; path = ViewController.m; sourceTree = "<group>"; };
		4ACB5C8A18C80CFB000733C6 /* Images.xcassets */ = {isa = PBXFileReference; lastKnownFileType = folder.assetcatalog; path = Images.xcassets; sourceTree = "<group>"; };
		4ACB5C9018C80CFD000733C6 /* Grades UnlimitedTests.xctest */ = {isa = PBXFileReference; explicitFileType = wrapper.cfbundle; includeInIndex = 0; path = "Grades UnlimitedTests.xctest"; sourceTree = BUILT_PRODUCTS_DIR; };
		4ACB5C9118C80CFD000733C6 /* XCTest.framework */ = {isa = PBXFileReference; lastKnownFileType = wrapper.framework; name = XCTest.framework; path = Library/Frameworks/XCTest.framework; sourceTree = DEVELOPER_DIR; };
		4ACB5C9918C80CFD000733C6 /* Grades UnlimitedTests-Info.plist */ = {isa = PBXFileReference; lastKnownFileType = text.plist.xml; path = "Grades UnlimitedTests-Info.plist"; sourceTree = "<group>"; };
		4ACB5C9B18C80CFD000733C6 /* en */ = {isa = PBXFileReference; lastKnownFileType = text.plist.strings; name = en; path = en.lproj/InfoPlist.strings; sourceTree = "<group>"; };
		4ACB5C9D18C80CFD000733C6 /* Grades_UnlimitedTests.m */ = {isa = PBXFileReference; lastKnownFileType = sourcecode.c.objc; path = Grades_UnlimitedTests.m; sourceTree = "<group>"; };
		7956F16318C8D23F00494FC4 /* HomeViewController.h */ = {isa = PBXFileReference; fileEncoding = 4; lastKnownFileType = sourcecode.c.h; path = HomeViewController.h; sourceTree = "<group>"; };
		7956F16418C8D23F00494FC4 /* HomeViewController.m */ = {isa = PBXFileReference; fileEncoding = 4; lastKnownFileType = sourcecode.c.objc; path = HomeViewController.m; sourceTree = "<group>"; };
		7956F16618CA79D800494FC4 /* CellCustomHome.xib */ = {isa = PBXFileReference; fileEncoding = 4; lastKnownFileType = file.xib; path = CellCustomHome.xib; sourceTree = "<group>"; };
		7956F16818CAD26600494FC4 /* CellCustomHome.h */ = {isa = PBXFileReference; fileEncoding = 4; lastKnownFileType = sourcecode.c.h; path = CellCustomHome.h; sourceTree = "<group>"; };
		7956F16918CAD26600494FC4 /* CellCustomHome.m */ = {isa = PBXFileReference; fileEncoding = 4; lastKnownFileType = sourcecode.c.objc; path = CellCustomHome.m; sourceTree = "<group>"; };
/* End PBXFileReference section */

/* Begin PBXFrameworksBuildPhase section */
		4ACB5C6C18C80CFA000733C6 /* Frameworks */ = {
			isa = PBXFrameworksBuildPhase;
			buildActionMask = 2147483647;
			files = (
				4ACB5C7518C80CFA000733C6 /* CoreGraphics.framework in Frameworks */,
				4ACB5C7718C80CFA000733C6 /* UIKit.framework in Frameworks */,
				4ACB5C7318C80CFA000733C6 /* Foundation.framework in Frameworks */,
			);
			runOnlyForDeploymentPostprocessing = 0;
		};
		4ACB5C8D18C80CFC000733C6 /* Frameworks */ = {
			isa = PBXFrameworksBuildPhase;
			buildActionMask = 2147483647;
			files = (
				4ACB5C9218C80CFD000733C6 /* XCTest.framework in Frameworks */,
				4ACB5C9418C80CFD000733C6 /* UIKit.framework in Frameworks */,
				4ACB5C9318C80CFD000733C6 /* Foundation.framework in Frameworks */,
			);
			runOnlyForDeploymentPostprocessing = 0;
		};
/* End PBXFrameworksBuildPhase section */

/* Begin PBXGroup section */
		4ACB5C6618C80CFA000733C6 = {
			isa = PBXGroup;
			children = (
				4ACB5C7818C80CFB000733C6 /* Grades Unlimited */,
				4ACB5C9718C80CFD000733C6 /* Grades UnlimitedTests */,
				4ACB5C7118C80CFA000733C6 /* Frameworks */,
				4ACB5C7018C80CFA000733C6 /* Products */,
			);
			sourceTree = "<group>";
		};
		4ACB5C7018C80CFA000733C6 /* Products */ = {
			isa = PBXGroup;
			children = (
				4ACB5C6F18C80CFA000733C6 /* Grades Unlimited.app */,
				4ACB5C9018C80CFD000733C6 /* Grades UnlimitedTests.xctest */,
			);
			name = Products;
			sourceTree = "<group>";
		};
		4ACB5C7118C80CFA000733C6 /* Frameworks */ = {
			isa = PBXGroup;
			children = (
				4ACB5C7218C80CFA000733C6 /* Foundation.framework */,
				4ACB5C7418C80CFA000733C6 /* CoreGraphics.framework */,
				4ACB5C7618C80CFA000733C6 /* UIKit.framework */,
				4ACB5C9118C80CFD000733C6 /* XCTest.framework */,
			);
			name = Frameworks;
			sourceTree = "<group>";
		};
		4ACB5C7818C80CFB000733C6 /* Grades Unlimited */ = {
			isa = PBXGroup;
			children = (
				4ACB5C8118C80CFB000733C6 /* AppDelegate.h */,
				4ACB5C8218C80CFB000733C6 /* AppDelegate.m */,
				4ACB5C8418C80CFB000733C6 /* Main.storyboard */,
				7956F16618CA79D800494FC4 /* CellCustomHome.xib */,
				7956F16818CAD26600494FC4 /* CellCustomHome.h */,
				7956F16918CAD26600494FC4 /* CellCustomHome.m */,
				7956F16318C8D23F00494FC4 /* HomeViewController.h */,
				7956F16418C8D23F00494FC4 /* HomeViewController.m */,
				4ACB5C8718C80CFB000733C6 /* ViewController.h */,
				4ACB5C8818C80CFB000733C6 /* ViewController.m */,
				4ACB5C8A18C80CFB000733C6 /* Images.xcassets */,
				4ACB5C7918C80CFB000733C6 /* Supporting Files */,
			);
			path = "Grades Unlimited";
			sourceTree = "<group>";
		};
		4ACB5C7918C80CFB000733C6 /* Supporting Files */ = {
			isa = PBXGroup;
			children = (
				4ACB5C7A18C80CFB000733C6 /* Grades Unlimited-Info.plist */,
				4ACB5C7B18C80CFB000733C6 /* InfoPlist.strings */,
				4ACB5C7E18C80CFB000733C6 /* main.m */,
				4ACB5C8018C80CFB000733C6 /* Grades Unlimited-Prefix.pch */,
			);
			name = "Supporting Files";
			sourceTree = "<group>";
		};
		4ACB5C9718C80CFD000733C6 /* Grades UnlimitedTests */ = {
			isa = PBXGroup;
			children = (
				4ACB5C9D18C80CFD000733C6 /* Grades_UnlimitedTests.m */,
				4ACB5C9818C80CFD000733C6 /* Supporting Files */,
			);
			path = "Grades UnlimitedTests";
			sourceTree = "<group>";
		};
		4ACB5C9818C80CFD000733C6 /* Supporting Files */ = {
			isa = PBXGroup;
			children = (
				4ACB5C9918C80CFD000733C6 /* Grades UnlimitedTests-Info.plist */,
				4ACB5C9A18C80CFD000733C6 /* InfoPlist.strings */,
			);
			name = "Supporting Files";
			sourceTree = "<group>";
		};
/* End PBXGroup section */

/* Begin PBXNativeTarget section */
		4ACB5C6E18C80CFA000733C6 /* Grades Unlimited */ = {
			isa = PBXNativeTarget;
			buildConfigurationList = 4ACB5CA118C80CFD000733C6 /* Build configuration list for PBXNativeTarget "Grades Unlimited" */;
			buildPhases = (
				4ACB5C6B18C80CFA000733C6 /* Sources */,
				4ACB5C6C18C80CFA000733C6 /* Frameworks */,
				4ACB5C6D18C80CFA000733C6 /* Resources */,
			);
			buildRules = (
			);
			dependencies = (
			);
			name = "Grades Unlimited";
			productName = "Grades Unlimited";
			productReference = 4ACB5C6F18C80CFA000733C6 /* Grades Unlimited.app */;
			productType = "com.apple.product-type.application";
		};
		4ACB5C8F18C80CFC000733C6 /* Grades UnlimitedTests */ = {
			isa = PBXNativeTarget;
			buildConfigurationList = 4ACB5CA418C80CFD000733C6 /* Build configuration list for PBXNativeTarget "Grades UnlimitedTests" */;
			buildPhases = (
				4ACB5C8C18C80CFC000733C6 /* Sources */,
				4ACB5C8D18C80CFC000733C6 /* Frameworks */,
				4ACB5C8E18C80CFC000733C6 /* Resources */,
			);
			buildRules = (
			);
			dependencies = (
				4ACB5C9618C80CFD000733C6 /* PBXTargetDependency */,
			);
			name = "Grades UnlimitedTests";
			productName = "Grades UnlimitedTests";
			productReference = 4ACB5C9018C80CFD000733C6 /* Grades UnlimitedTests.xctest */;
			productType = "com.apple.product-type.bundle.unit-test";
		};
/* End PBXNativeTarget section */

/* Begin PBXProject section */
		4ACB5C6718C80CFA000733C6 /* Project object */ = {
			isa = PBXProject;
			attributes = {
				LastUpgradeCheck = 0500;
				ORGANIZATIONNAME = "Pepe Ramirez";
				TargetAttributes = {
					4ACB5C8F18C80CFC000733C6 = {
						TestTargetID = 4ACB5C6E18C80CFA000733C6;
					};
				};
			};
			buildConfigurationList = 4ACB5C6A18C80CFA000733C6 /* Build configuration list for PBXProject "Grades Unlimited" */;
			compatibilityVersion = "Xcode 3.2";
			developmentRegion = English;
			hasScannedForEncodings = 0;
			knownRegions = (
				en,
				Base,
			);
			mainGroup = 4ACB5C6618C80CFA000733C6;
			productRefGroup = 4ACB5C7018C80CFA000733C6 /* Products */;
			projectDirPath = "";
			projectRoot = "";
			targets = (
				4ACB5C6E18C80CFA000733C6 /* Grades Unlimited */,
				4ACB5C8F18C80CFC000733C6 /* Grades UnlimitedTests */,
			);
		};
/* End PBXProject section */

/* Begin PBXResourcesBuildPhase section */
		4ACB5C6D18C80CFA000733C6 /* Resources */ = {
			isa = PBXResourcesBuildPhase;
			buildActionMask = 2147483647;
			files = (
				4ACB5C8B18C80CFB000733C6 /* Images.xcassets in Resources */,
				4ACB5C7D18C80CFB000733C6 /* InfoPlist.strings in Resources */,
				4ACB5C8618C80CFB000733C6 /* Main.storyboard in Resources */,
				7956F16718CA79D800494FC4 /* CellCustomHome.xib in Resources */,
			);
			runOnlyForDeploymentPostprocessing = 0;
		};
		4ACB5C8E18C80CFC000733C6 /* Resources */ = {
			isa = PBXResourcesBuildPhase;
			buildActionMask = 2147483647;
			files = (
				4ACB5C9C18C80CFD000733C6 /* InfoPlist.strings in Resources */,
			);
			runOnlyForDeploymentPostprocessing = 0;
		};
/* End PBXResourcesBuildPhase section */

/* Begin PBXSourcesBuildPhase section */
		4ACB5C6B18C80CFA000733C6 /* Sources */ = {
			isa = PBXSourcesBuildPhase;
			buildActionMask = 2147483647;
			files = (
				4ACB5C8918C80CFB000733C6 /* ViewController.m in Sources */,
				4ACB5C8318C80CFB000733C6 /* AppDelegate.m in Sources */,
				4ACB5C7F18C80CFB000733C6 /* main.m in Sources */,
				7956F16A18CAD26600494FC4 /* CellCustomHome.m in Sources */,
				7956F16518C8D23F00494FC4 /* HomeViewController.m in Sources */,
			);
			runOnlyForDeploymentPostprocessing = 0;
		};
		4ACB5C8C18C80CFC000733C6 /* Sources */ = {
			isa = PBXSourcesBuildPhase;
			buildActionMask = 2147483647;
			files = (
				4ACB5C9E18C80CFD000733C6 /* Grades_UnlimitedTests.m in Sources */,
			);
			runOnlyForDeploymentPostprocessing = 0;
		};
/* End PBXSourcesBuildPhase section */

/* Begin PBXTargetDependency section */
		4ACB5C9618C80CFD000733C6 /* PBXTargetDependency */ = {
			isa = PBXTargetDependency;
			target = 4ACB5C6E18C80CFA000733C6 /* Grades Unlimited */;
			targetProxy = 4ACB5C9518C80CFD000733C6 /* PBXContainerItemProxy */;
		};
/* End PBXTargetDependency section */

/* Begin PBXVariantGroup section */
		4ACB5C7B18C80CFB000733C6 /* InfoPlist.strings */ = {
			isa = PBXVariantGroup;
			children = (
				4ACB5C7C18C80CFB000733C6 /* en */,
			);
			name = InfoPlist.strings;
			sourceTree = "<group>";
		};
		4ACB5C8418C80CFB000733C6 /* Main.storyboard */ = {
			isa = PBXVariantGroup;
			children = (
				4ACB5C8518C80CFB000733C6 /* Base */,
			);
			name = Main.storyboard;
			sourceTree = "<group>";
		};
		4ACB5C9A18C80CFD000733C6 /* InfoPlist.strings */ = {
			isa = PBXVariantGroup;
			children = (
				4ACB5C9B18C80CFD000733C6 /* en */,
			);
			name = InfoPlist.strings;
			sourceTree = "<group>";
		};
/* End PBXVariantGroup section */

/* Begin XCBuildConfiguration section */
		4ACB5C9F18C80CFD000733C6 /* Debug */ = {
			isa = XCBuildConfiguration;
			buildSettings = {
				ALWAYS_SEARCH_USER_PATHS = NO;
				ARCHS = "$(ARCHS_STANDARD_INCLUDING_64_BIT)";
				CLANG_CXX_LANGUAGE_STANDARD = "gnu++0x";
				CLANG_CXX_LIBRARY = "libc++";
				CLANG_ENABLE_MODULES = YES;
				CLANG_ENABLE_OBJC_ARC = YES;
				CLANG_WARN_BOOL_CONVERSION = YES;
				CLANG_WARN_CONSTANT_CONVERSION = YES;
				CLANG_WARN_DIRECT_OBJC_ISA_USAGE = YES_ERROR;
				CLANG_WARN_EMPTY_BODY = YES;
				CLANG_WARN_ENUM_CONVERSION = YES;
				CLANG_WARN_INT_CONVERSION = YES;
				CLANG_WARN_OBJC_ROOT_CLASS = YES_ERROR;
				CLANG_WARN__DUPLICATE_METHOD_MATCH = YES;
				"CODE_SIGN_IDENTITY[sdk=iphoneos*]" = "iPhone Developer";
				COPY_PHASE_STRIP = NO;
				GCC_C_LANGUAGE_STANDARD = gnu99;
				GCC_DYNAMIC_NO_PIC = NO;
				GCC_OPTIMIZATION_LEVEL = 0;
				GCC_PREPROCESSOR_DEFINITIONS = (
					"DEBUG=1",
					"$(inherited)",
				);
				GCC_SYMBOLS_PRIVATE_EXTERN = NO;
				GCC_WARN_64_TO_32_BIT_CONVERSION = YES;
				GCC_WARN_ABOUT_RETURN_TYPE = YES_ERROR;
				GCC_WARN_UNDECLARED_SELECTOR = YES;
				GCC_WARN_UNINITIALIZED_AUTOS = YES;
				GCC_WARN_UNUSED_FUNCTION = YES;
				GCC_WARN_UNUSED_VARIABLE = YES;
				IPHONEOS_DEPLOYMENT_TARGET = 7.0;
				ONLY_ACTIVE_ARCH = YES;
				SDKROOT = iphoneos;
			};
			name = Debug;
		};
		4ACB5CA018C80CFD000733C6 /* Release */ = {
			isa = XCBuildConfiguration;
			buildSettings = {
				ALWAYS_SEARCH_USER_PATHS = NO;
				ARCHS = "$(ARCHS_STANDARD_INCLUDING_64_BIT)";
				CLANG_CXX_LANGUAGE_STANDARD = "gnu++0x";
				CLANG_CXX_LIBRARY = "libc++";
				CLANG_ENABLE_MODULES = YES;
				CLANG_ENABLE_OBJC_ARC = YES;
				CLANG_WARN_BOOL_CONVERSION = YES;
				CLANG_WARN_CONSTANT_CONVERSION = YES;
				CLANG_WARN_DIRECT_OBJC_ISA_USAGE = YES_ERROR;
				CLANG_WARN_EMPTY_BODY = YES;
				CLANG_WARN_ENUM_CONVERSION = YES;
				CLANG_WARN_INT_CONVERSION = YES;
				CLANG_WARN_OBJC_ROOT_CLASS = YES_ERROR;
				CLANG_WARN__DUPLICATE_METHOD_MATCH = YES;
				"CODE_SIGN_IDENTITY[sdk=iphoneos*]" = "iPhone Developer";
				COPY_PHASE_STRIP = YES;
				ENABLE_NS_ASSERTIONS = NO;
				GCC_C_LANGUAGE_STANDARD = gnu99;
				GCC_WARN_64_TO_32_BIT_CONVERSION = YES;
				GCC_WARN_ABOUT_RETURN_TYPE = YES_ERROR;
				GCC_WARN_UNDECLARED_SELECTOR = YES;
				GCC_WARN_UNINITIALIZED_AUTOS = YES;
				GCC_WARN_UNUSED_FUNCTION = YES;
				GCC_WARN_UNUSED_VARIABLE = YES;
				IPHONEOS_DEPLOYMENT_TARGET = 7.0;
				SDKROOT = iphoneos;
				VALIDATE_PRODUCT = YES;
			};
			name = Release;
		};
		4ACB5CA218C80CFD000733C6 /* Debug */ = {
			isa = XCBuildConfiguration;
			buildSettings = {
				ASSETCATALOG_COMPILER_APPICON_NAME = AppIcon;
				ASSETCATALOG_COMPILER_LAUNCHIMAGE_NAME = LaunchImage;
				GCC_PRECOMPILE_PREFIX_HEADER = YES;
				GCC_PREFIX_HEADER = "Grades Unlimited/Grades Unlimited-Prefix.pch";
				INFOPLIST_FILE = "Grades Unlimited/Grades Unlimited-Info.plist";
				PRODUCT_NAME = "$(TARGET_NAME)";
				WRAPPER_EXTENSION = app;
			};
			name = Debug;
		};
		4ACB5CA318C80CFD000733C6 /* Release */ = {
			isa = XCBuildConfiguration;
			buildSettings = {
				ASSETCATALOG_COMPILER_APPICON_NAME = AppIcon;
				ASSETCATALOG_COMPILER_LAUNCHIMAGE_NAME = LaunchImage;
				GCC_PRECOMPILE_PREFIX_HEADER = YES;
				GCC_PREFIX_HEADER = "Grades Unlimited/Grades Unlimited-Prefix.pch";
				INFOPLIST_FILE = "Grades Unlimited/Grades Unlimited-Info.plist";
				PRODUCT_NAME = "$(TARGET_NAME)";
				WRAPPER_EXTENSION = app;
			};
			name = Release;
		};
		4ACB5CA518C80CFD000733C6 /* Debug */ = {
			isa = XCBuildConfiguration;
			buildSettings = {
				ARCHS = "$(ARCHS_STANDARD_INCLUDING_64_BIT)";
				BUNDLE_LOADER = "$(BUILT_PRODUCTS_DIR)/Grades Unlimited.app/Grades Unlimited";
				FRAMEWORK_SEARCH_PATHS = (
					"$(SDKROOT)/Developer/Library/Frameworks",
					"$(inherited)",
					"$(DEVELOPER_FRAMEWORKS_DIR)",
				);
				GCC_PRECOMPILE_PREFIX_HEADER = YES;
				GCC_PREFIX_HEADER = "Grades Unlimited/Grades Unlimited-Prefix.pch";
				GCC_PREPROCESSOR_DEFINITIONS = (
					"DEBUG=1",
					"$(inherited)",
				);
				INFOPLIST_FILE = "Grades UnlimitedTests/Grades UnlimitedTests-Info.plist";
				PRODUCT_NAME = "$(TARGET_NAME)";
				TEST_HOST = "$(BUNDLE_LOADER)";
				WRAPPER_EXTENSION = xctest;
			};
			name = Debug;
		};
		4ACB5CA618C80CFD000733C6 /* Release */ = {
			isa = XCBuildConfiguration;
			buildSettings = {
				ARCHS = "$(ARCHS_STANDARD_INCLUDING_64_BIT)";
				BUNDLE_LOADER = "$(BUILT_PRODUCTS_DIR)/Grades Unlimited.app/Grades Unlimited";
				FRAMEWORK_SEARCH_PATHS = (
					"$(SDKROOT)/Developer/Library/Frameworks",
					"$(inherited)",
					"$(DEVELOPER_FRAMEWORKS_DIR)",
				);
				GCC_PRECOMPILE_PREFIX_HEADER = YES;
				GCC_PREFIX_HEADER = "Grades Unlimited/Grades Unlimited-Prefix.pch";
				INFOPLIST_FILE = "Grades UnlimitedTests/Grades UnlimitedTests-Info.plist";
				PRODUCT_NAME = "$(TARGET_NAME)";
				TEST_HOST = "$(BUNDLE_LOADER)";
				WRAPPER_EXTENSION = xctest;
			};
			name = Release;
		};
/* End XCBuildConfiguration section */

/* Begin XCConfigurationList section */
		4ACB5C6A18C80CFA000733C6 /* Build configuration list for PBXProject "Grades Unlimited" */ = {
			isa = XCConfigurationList;
			buildConfigurations = (
				4ACB5C9F18C80CFD000733C6 /* Debug */,
				4ACB5CA018C80CFD000733C6 /* Release */,
			);
			defaultConfigurationIsVisible = 0;
			defaultConfigurationName = Release;
		};
		4ACB5CA118C80CFD000733C6 /* Build configuration list for PBXNativeTarget "Grades Unlimited" */ = {
			isa = XCConfigurationList;
			buildConfigurations = (
				4ACB5CA218C80CFD000733C6 /* Debug */,
				4ACB5CA318C80CFD000733C6 /* Release */,
			);
			defaultConfigurationIsVisible = 0;
			defaultConfigurationName = Release;
		};
		4ACB5CA418C80CFD000733C6 /* Build configuration list for PBXNativeTarget "Grades UnlimitedTests" */ = {
			isa = XCConfigurationList;
			buildConfigurations = (
				4ACB5CA518C80CFD000733C6 /* Debug */,
				4ACB5CA618C80CFD000733C6 /* Release */,
			);
			defaultConfigurationIsVisible = 0;
			defaultConfigurationName = Release;
		};
/* End XCConfigurationList section */
	};
	rootObject = 4ACB5C6718C80CFA000733C6 /* Project object */;
}
